# Build frontend only; selected verbatim from requirements.lock.
packaging==26.0 \
    --hash=sha256:00243ae351a257117b6a241061796684b084ed1c516a08c48a3f7e147a9d80b4 \
    --hash=sha256:b36f1fef9334a5588b4166f8bcd26a14e521f2b55e6b9de3aaa80d3ff7a37529
pip==26.0.1 \
    --hash=sha256:bdb1b08f4274833d62c1aa29e20907365a2ceb950410df15fc9521bad440122b \
    --hash=sha256:c4037d8a277c89b320abe636d59f91e6d0922d08a05b60e85e53b296613346d8
setuptools==80.10.2 \
    --hash=sha256:8b0e9d10c784bf7d262c4e5ec5d4ec94127ce206e8738f29a437945fbc219b70 \
    --hash=sha256:95b30ddfb717250edb492926c92b5221f7ef3fbcc2b07579bcd4a27da21d0173
setuptools-scm==9.2.2 \
    --hash=sha256:1c674ab4665686a0887d7e24c03ab25f24201c213e82ea689d2f3e169ef7ef57 \
    --hash=sha256:30e8f84d2ab1ba7cb0e653429b179395d0c33775d54807fc5f1dd6671801aef7
wheel==0.46.3 \
    --hash=sha256:4b399d56c9d9338230118d705d9737a2a468ccca63d5e813e2a4fc7815d8bc4d \
    --hash=sha256:e3e79874b07d776c40bd6033f8ddf76a7dad46a7b8aa1b2787a83083519a1803
