# Upstream 0.18.6 source, compiled against inherited ROCm Torch, not CUDA wheels.
deepspeed @ https://files.pythonhosted.org/packages/fc/45/861baf605f6388c81109b1228ea211da62fb59b7a5b2606f90bd98f4b99e/deepspeed-0.18.6.tar.gz \
    --hash=sha256:dae0d4285c7badce3a76cab33b29080665bb57926ef9649bd227551f1955ee54
